# This file is autogenerated, do not edit; changes may be undone by the next 'dep ensure'.


[[projects]]
  name = "cloud.google.com/go"
  packages = ["compute/metadata","datastore","iam","internal/atomiccache","internal/fields","internal/version","pubsub","pubsub/apiv1"]
  revision = "d4f8670e9dba7e0c9dd3f6da843d678afd21c587"
  version = "v0.9.0"

[[projects]]
  branch = "master"
  name = "github.com/codahale/hdrhistogram"
  packages = ["."]
  revision = "3a0bb77429bd3a61596f5e8a3172445844342120"

[[projects]]
  branch = "master"
  name = "github.com/golang/protobuf"
  packages = ["proto","protoc-gen-go/descriptor","ptypes","ptypes/any","ptypes/duration","ptypes/empty","ptypes/struct","ptypes/timestamp","ptypes/wrappers"]
  revision = "6a1fa9404c0aebf36c879bc50152edcc953910d2"

[[projects]]
  branch = "master"
  name = "github.com/googleapis/gax-go"
  packages = ["."]
  revision = "84ed26760e7f6f80887a2fbfb50db3cc415d2cea"

[[projects]]
  name = "github.com/paulmach/go.geo"
  packages = [".","quadtree"]
  revision = "e8994de4ca767ad1e416ce5e185f83538f0661a8"
  version = "v0.1"

[[projects]]
  name = "github.com/paulmach/go.geojson"
  packages = ["."]
  revision = "16c6a8e9da10025ce1b0c4515298e5bb4289a8c4"
  version = "v1.3"

[[projects]]
  branch = "master"
  name = "github.com/skypies/adsb"
  packages = [".","msgbuffer","trackbuffer"]
  revision = "84591b12fb25bb328e6233b4851bf55a6930f3c1"

[[projects]]
  branch = "master"
  name = "github.com/skypies/flightdb"
  packages = [".","fgae","fr24","metar","ref"]
  revision = "873ac52786d7c01fabea3d07d77874c194666774"

[[projects]]
  branch = "master"
  name = "github.com/skypies/geo"
  packages = [".","altitude","sfo"]
  revision = "5b3a6b8c6bbe4234ae8c399797984ac01c024688"

[[projects]]
  branch = "master"
  name = "github.com/skypies/util"
  packages = ["date","dsprovider","gaeutil","histogram","metrics","pubsub","widget"]
  revision = "6523c24bd734b5ccebfe6591e82bd3b1ebe7c9a5"

[[projects]]
  branch = "master"
  name = "github.com/tatsushid/go-fastping"
  packages = ["."]
  revision = "d7bb493dee3e090e2ffb6914adddf17c1e7c026c"

[[projects]]
  branch = "master"
  name = "golang.org/x/net"
  packages = ["bpf","context","context/ctxhttp","http2","http2/hpack","icmp","idna","internal/iana","internal/socket","internal/timeseries","ipv4","ipv6","lex/httplex","trace"]
  revision = "5f8847ae0d0e90b6a9dc8148e7ad616874625171"

[[projects]]
  branch = "master"
  name = "golang.org/x/oauth2"
  packages = [".","google","internal","jws","jwt"]
  revision = "f047394b6d14284165300fd82dad67edb3a4d7f6"

[[projects]]
  branch = "master"
  name = "golang.org/x/sync"
  packages = ["semaphore"]
  revision = "f52d1811a62927559de87708c8913c1650ce4f26"

[[projects]]
  branch = "master"
  name = "golang.org/x/text"
  packages = ["internal/gen","internal/triegen","internal/ucd","secure/bidirule","transform","unicode/bidi","unicode/cldr","unicode/norm","unicode/rangetable"]
  revision = "4e9ab9ee170f2a39bd66c92b3e0a47ff47a4bc77"

[[projects]]
  branch = "master"
  name = "google.golang.org/api"
  packages = ["googleapi/transport","internal","iterator","option","support/bundler","transport"]
  revision = "1ba364a3bb616587dfd46d5009edefdfd7896ed9"

[[projects]]
  name = "google.golang.org/appengine"
  packages = [".","datastore","internal","internal/app_identity","internal/base","internal/datastore","internal/log","internal/memcache","internal/modules","internal/remote_api","internal/socket","internal/taskqueue","internal/urlfetch","log","memcache","socket","taskqueue","urlfetch"]
  revision = "150dc57a1b433e64154302bdc40b6bb8aefa313a"
  version = "v1.0.0"

[[projects]]
  branch = "master"
  name = "google.golang.org/genproto"
  packages = ["googleapis/api/annotations","googleapis/datastore/v1","googleapis/iam/v1","googleapis/pubsub/v1","googleapis/rpc/status","googleapis/type/latlng","protobuf/field_mask"]
  revision = "aa2eb687b4d3e17154372564ad8d6bf11c3cf21f"

[[projects]]
  name = "google.golang.org/grpc"
  packages = [".","codes","credentials","credentials/oauth","grpclb/grpc_lb_v1","grpclog","internal","keepalive","metadata","naming","peer","stats","status","tap","transport"]
  revision = "b15215fb911b24a5d61d57feec4233d610530464"
  version = "v1.4.2"

[solve-meta]
  analyzer-name = "dep"
  analyzer-version = 1
  inputs-digest = "dcf09f67a2384434fd44893ed375977fe383d5b6f3695c073f3c06caa08e7366"
  solver-name = "gps-cdcl"
  solver-version = 1
